
Microsoft Visual Studio Solution File, Format Version 12.00
# Visual Studio Version 17
VisualStudioVersion = 17.14.36616.10
MinimumVisualStudioVersion = 10.0.40219.1
Project("{2150E333-8FDC-42A3-9474-1A3956D46DE8}") = "Task0", "Task0", "{36D591C7-65C7-A0D1-1CBC-10CDE441BDC8}"
EndProject
Project("{2150E333-8FDC-42A3-9474-1A3956D46DE8}") = "Task1", "Task1", "{CF1DBE8C-C393-4ADB-98F9-3500A637C4DC}"
EndProject
Project("{FAE04EC0-301F-11D3-BF4B-00C04F79EFBC}") = "Tyuiu.ShevchenokSE.Sprint1.Task1.V3", "Tyuiu.ShevchenokSE.Sprint1.Task1.V3\Tyuiu.ShevchenokSE.Sprint1.Task1.V3.csproj", "{658B82AF-A573-4942-AC17-3557B5CA62AD}"
EndProject
Project("{FAE04EC0-301F-11D3-BF4B-00C04F79EFBC}") = "Tyuiu.ShevchenokSE.Sprint1.Task1.V3.Test", "Tyuiu.ShevchenokSE.Sprint1.Task1.V3.Test\Tyuiu.ShevchenokSE.Sprint1.Task1.V3.Test.csproj", "{DE3E5248-255B-4575-89C7-7BE953C1CCB7}"
EndProject
Project("{2150E333-8FDC-42A3-9474-1A3956D46DE8}") = "Task2", "Task2", "{AC4CE35E-9FED-4966-8DC2-279EDD646638}"
EndProject
Project("{FAE04EC0-301F-11D3-BF4B-00C04F79EFBC}") = "Tyuiu.ShevchenokSE.Sprint1.Task2.V21", "Tyuiu.ShevchenokSE.Sprint1.Task2.V21\Tyuiu.ShevchenokSE.Sprint1.Task2.V21.csproj", "{751D7FE4-5930-481D-93A3-36DBF35D6983}"
EndProject
Project("{FAE04EC0-301F-11D3-BF4B-00C04F79EFBC}") = "Tyuiu.ShevchenokSE.Sprint1.Task2.V21.Test", "Tyuiu.ShevchenokSE.Sprint1.Task2.V21.Test\Tyuiu.ShevchenokSE.Sprint1.Task2.V21.Test.csproj", "{88581677-9842-476F-8C65-153BB6317269}"
EndProject
Project("{FAE04EC0-301F-11D3-BF4B-00C04F79EFBC}") = "Tyuiu.ShevchenokSE.Sprint1.Task2.V21.Lib", "Tyuiu.ShevchenokSE.Sprint1.Task2.V21.Lib\Tyuiu.ShevchenokSE.Sprint1.Task2.V21.Lib.csproj", "{ED98D633-BA14-4484-A009-1611BB7093BA}"
EndProject
Project("{FAE04EC0-301F-11D3-BF4B-00C04F79EFBC}") = "Tyuiu.ShevchenokSE.Sprint1.Task0.V1", "Tyuiu.ShevchenokSE.Sprint1.Task0.V1\Tyuiu.ShevchenokSE.Sprint1.Task0.V1.csproj", "{3B9F848A-CB9A-451E-A83C-A66681AB6F33}"
EndProject
Project("{FAE04EC0-301F-11D3-BF4B-00C04F79EFBC}") = "Tyuiu.ShevchenokSE.Sprint1.Task0.V1.Lib", "Tyuiu.ShevchenokSE.Sprint1.Task0.V1.Lib\Tyuiu.ShevchenokSE.Sprint1.Task0.V1.Lib.csproj", "{3F67FDFE-1726-4F4D-9C08-8DB51B8F3DD7}"
EndProject
Project("{FAE04EC0-301F-11D3-BF4B-00C04F79EFBC}") = "Tyuiu.ShevchenokSE.Sprint1.Task0.V1.Test", "Tyuiu.ShevchenokSE.Sprint1.Task0.V1.Test\Tyuiu.ShevchenokSE.Sprint1.Task0.V1.Test.csproj", "{FD0A28BD-0BF5-4E24-BE3B-273A0E79ADA3}"
EndProject
Project("{FAE04EC0-301F-11D3-BF4B-00C04F79EFBC}") = "Tyuiu.ShevchenokSE.Sprint1.Task1.V3.Lib", "Tyuiu.ShevchenokSE.Sprint1.Task1.V3.Lib\Tyuiu.ShevchenokSE.Sprint1.Task1.V3.Lib.csproj", "{B33C4F70-BD19-4596-AB9F-737276D9C474}"
EndProject
Global
	GlobalSection(SolutionConfigurationPlatforms) = preSolution
		Debug|Any CPU = Debug|Any CPU
		Release|Any CPU = Release|Any CPU
	EndGlobalSection
	GlobalSection(ProjectConfigurationPlatforms) = postSolution
		{658B82AF-A573-4942-AC17-3557B5CA62AD}.Debug|Any CPU.ActiveCfg = Debug|Any CPU
		{658B82AF-A573-4942-AC17-3557B5CA62AD}.Debug|Any CPU.Build.0 = Debug|Any CPU
		{658B82AF-A573-4942-AC17-3557B5CA62AD}.Release|Any CPU.ActiveCfg = Release|Any CPU
		{658B82AF-A573-4942-AC17-3557B5CA62AD}.Release|Any CPU.Build.0 = Release|Any CPU
		{DE3E5248-255B-4575-89C7-7BE953C1CCB7}.Debug|Any CPU.ActiveCfg = Debug|Any CPU
		{DE3E5248-255B-4575-89C7-7BE953C1CCB7}.Debug|Any CPU.Build.0 = Debug|Any CPU
		{DE3E5248-255B-4575-89C7-7BE953C1CCB7}.Release|Any CPU.ActiveCfg = Release|Any CPU
		{DE3E5248-255B-4575-89C7-7BE953C1CCB7}.Release|Any CPU.Build.0 = Release|Any CPU
		{751D7FE4-5930-481D-93A3-36DBF35D6983}.Debug|Any CPU.ActiveCfg = Debug|Any CPU
		{751D7FE4-5930-481D-93A3-36DBF35D6983}.Debug|Any CPU.Build.0 = Debug|Any CPU
		{751D7FE4-5930-481D-93A3-36DBF35D6983}.Release|Any CPU.ActiveCfg = Release|Any CPU
		{751D7FE4-5930-481D-93A3-36DBF35D6983}.Release|Any CPU.Build.0 = Release|Any CPU
		{88581677-9842-476F-8C65-153BB6317269}.Debug|Any CPU.ActiveCfg = Debug|Any CPU
		{88581677-9842-476F-8C65-153BB6317269}.Debug|Any CPU.Build.0 = Debug|Any CPU
		{88581677-9842-476F-8C65-153BB6317269}.Release|Any CPU.ActiveCfg = Release|Any CPU
		{88581677-9842-476F-8C65-153BB6317269}.Release|Any CPU.Build.0 = Release|Any CPU
		{ED98D633-BA14-4484-A009-1611BB7093BA}.Debug|Any CPU.ActiveCfg = Debug|Any CPU
		{ED98D633-BA14-4484-A009-1611BB7093BA}.Debug|Any CPU.Build.0 = Debug|Any CPU
		{ED98D633-BA14-4484-A009-1611BB7093BA}.Release|Any CPU.ActiveCfg = Release|Any CPU
		{ED98D633-BA14-4484-A009-1611BB7093BA}.Release|Any CPU.Build.0 = Release|Any CPU
		{3B9F848A-CB9A-451E-A83C-A66681AB6F33}.Debug|Any CPU.ActiveCfg = Debug|Any CPU
		{3B9F848A-CB9A-451E-A83C-A66681AB6F33}.Debug|Any CPU.Build.0 = Debug|Any CPU
		{3B9F848A-CB9A-451E-A83C-A66681AB6F33}.Release|Any CPU.ActiveCfg = Release|Any CPU
		{3B9F848A-CB9A-451E-A83C-A66681AB6F33}.Release|Any CPU.Build.0 = Release|Any CPU
		{3F67FDFE-1726-4F4D-9C08-8DB51B8F3DD7}.Debug|Any CPU.ActiveCfg = Debug|Any CPU
		{3F67FDFE-1726-4F4D-9C08-8DB51B8F3DD7}.Debug|Any CPU.Build.0 = Debug|Any CPU
		{3F67FDFE-1726-4F4D-9C08-8DB51B8F3DD7}.Release|Any CPU.ActiveCfg = Release|Any CPU
		{3F67FDFE-1726-4F4D-9C08-8DB51B8F3DD7}.Release|Any CPU.Build.0 = Release|Any CPU
		{FD0A28BD-0BF5-4E24-BE3B-273A0E79ADA3}.Debug|Any CPU.ActiveCfg = Debug|Any CPU
		{FD0A28BD-0BF5-4E24-BE3B-273A0E79ADA3}.Debug|Any CPU.Build.0 = Debug|Any CPU
		{FD0A28BD-0BF5-4E24-BE3B-273A0E79ADA3}.Release|Any CPU.ActiveCfg = Release|Any CPU
		{FD0A28BD-0BF5-4E24-BE3B-273A0E79ADA3}.Release|Any CPU.Build.0 = Release|Any CPU
		{B33C4F70-BD19-4596-AB9F-737276D9C474}.Debug|Any CPU.ActiveCfg = Debug|Any CPU
		{B33C4F70-BD19-4596-AB9F-737276D9C474}.Debug|Any CPU.Build.0 = Debug|Any CPU
		{B33C4F70-BD19-4596-AB9F-737276D9C474}.Release|Any CPU.ActiveCfg = Release|Any CPU
		{B33C4F70-BD19-4596-AB9F-737276D9C474}.Release|Any CPU.Build.0 = Release|Any CPU
	EndGlobalSection
	GlobalSection(SolutionProperties) = preSolution
		HideSolutionNode = FALSE
	EndGlobalSection
	GlobalSection(NestedProjects) = preSolution
		{658B82AF-A573-4942-AC17-3557B5CA62AD} = {CF1DBE8C-C393-4ADB-98F9-3500A637C4DC}
		{DE3E5248-255B-4575-89C7-7BE953C1CCB7} = {CF1DBE8C-C393-4ADB-98F9-3500A637C4DC}
		{751D7FE4-5930-481D-93A3-36DBF35D6983} = {AC4CE35E-9FED-4966-8DC2-279EDD646638}
		{88581677-9842-476F-8C65-153BB6317269} = {AC4CE35E-9FED-4966-8DC2-279EDD646638}
		{ED98D633-BA14-4484-A009-1611BB7093BA} = {AC4CE35E-9FED-4966-8DC2-279EDD646638}
		{3B9F848A-CB9A-451E-A83C-A66681AB6F33} = {36D591C7-65C7-A0D1-1CBC-10CDE441BDC8}
		{3F67FDFE-1726-4F4D-9C08-8DB51B8F3DD7} = {36D591C7-65C7-A0D1-1CBC-10CDE441BDC8}
		{FD0A28BD-0BF5-4E24-BE3B-273A0E79ADA3} = {36D591C7-65C7-A0D1-1CBC-10CDE441BDC8}
		{B33C4F70-BD19-4596-AB9F-737276D9C474} = {CF1DBE8C-C393-4ADB-98F9-3500A637C4DC}
	EndGlobalSection
	GlobalSection(ExtensibilityGlobals) = postSolution
		SolutionGuid = {5206169B-01C9-4DE6-BC67-CB4CADCC74E7}
	EndGlobalSection
EndGlobal
