
Microsoft Visual Studio Solution File, Format Version 12.00
# Visual Studio Version 17
VisualStudioVersion = 17.14.36616.10
MinimumVisualStudioVersion = 10.0.40219.1
Project("{2150E333-8FDC-42A3-9474-1A3956D46DE8}") = "Task0", "Task0", "{36D591C7-65C7-A0D1-1CBC-10CDE441BDC8}"
EndProject
Project("{2150E333-8FDC-42A3-9474-1A3956D46DE8}") = "Task1", "Task1", "{CF1DBE8C-C393-4ADB-98F9-3500A637C4DC}"
EndProject
Project("{FAE04EC0-301F-11D3-BF4B-00C04F79EFBC}") = "Tyuiu.ShevchenokSE.Sprint1.Task1.V3", "Tyuiu.ShevchenokSE.Sprint1.Task1.V3\Tyuiu.ShevchenokSE.Sprint1.Task1.V3.csproj", "{658B82AF-A573-4942-AC17-3557B5CA62AD}"
EndProject
Project("{FAE04EC0-301F-11D3-BF4B-00C04F79EFBC}") = "Tyuiu.ShevchenokSE.Sprint1.Task1.V3.Test", "Tyuiu.ShevchenokSE.Sprint1.Task1.V3.Test\Tyuiu.ShevchenokSE.Sprint1.Task1.V3.Test.csproj", "{DE3E5248-255B-4575-89C7-7BE953C1CCB7}"
EndProject
Project("{2150E333-8FDC-42A3-9474-1A3956D46DE8}") = "Task2", "Task2", "{AC4CE35E-9FED-4966-8DC2-279EDD646638}"
EndProject
Project("{FAE04EC0-301F-11D3-BF4B-00C04F79EFBC}") = "Tyuiu.ShevchenokSE.Sprint1.Task2.V21", "Tyuiu.ShevchenokSE.Sprint1.Task2.V21\Tyuiu.ShevchenokSE.Sprint1.Task2.V21.csproj", "{751D7FE4-5930-481D-93A3-36DBF35D6983}"
EndProject
Project("{FAE04EC0-301F-11D3-BF4B-00C04F79EFBC}") = "Tyuiu.ShevchenokSE.Sprint1.Task2.V21.Test", "Tyuiu.ShevchenokSE.Sprint1.Task2.V21.Test\Tyuiu.ShevchenokSE.Sprint1.Task2.V21.Test.csproj", "{88581677-9842-476F-8C65-153BB6317269}"
EndProject
Project("{FAE04EC0-301F-11D3-BF4B-00C04F79EFBC}") = "Tyuiu.ShevchenokSE.Sprint1.Task0.V1", "Tyuiu.ShevchenokSE.Sprint1.Task0.V1\Tyuiu.ShevchenokSE.Sprint1.Task0.V1.csproj", "{3B9F848A-CB9A-451E-A83C-A66681AB6F33}"
EndProject
Project("{FAE04EC0-301F-11D3-BF4B-00C04F79EFBC}") = "Tyuiu.ShevchenokSE.Sprint1.Task0.V1.Lib", "Tyuiu.ShevchenokSE.Sprint1.Task0.V1.Lib\Tyuiu.ShevchenokSE.Sprint1.Task0.V1.Lib.csproj", "{3F67FDFE-1726-4F4D-9C08-8DB51B8F3DD7}"
EndProject
Project("{FAE04EC0-301F-11D3-BF4B-00C04F79EFBC}") = "Tyuiu.ShevchenokSE.Sprint1.Task0.V1.Test", "Tyuiu.ShevchenokSE.Sprint1.Task0.V1.Test\Tyuiu.ShevchenokSE.Sprint1.Task0.V1.Test.csproj", "{FD0A28BD-0BF5-4E24-BE3B-273A0E79ADA3}"
EndProject
Project("{FAE04EC0-301F-11D3-BF4B-00C04F79EFBC}") = "Tyuiu.ShevchenokSE.Sprint1.Task1.V3.Lib", "Tyuiu.ShevchenokSE.Sprint1.Task1.V3.Lib\Tyuiu.ShevchenokSE.Sprint1.Task1.V3.Lib.csproj", "{B33C4F70-BD19-4596-AB9F-737276D9C474}"
EndProject
Project("{FAE04EC0-301F-11D3-BF4B-00C04F79EFBC}") = "Tyuiu.ShevchenokSE.Sprint1.Task2.V21.Lib", "Tyuiu.ShevchenokSE.Sprint1.Task2.V21.Lib\Tyuiu.ShevchenokSE.Sprint1.Task2.V21.Lib.csproj", "{864B366D-ECE8-4970-8084-80248FC28AFC}"
EndProject
Project("{2150E333-8FDC-42A3-9474-1A3956D46DE8}") = "Task3", "Task3", "{02EA681E-C7D8-13C7-8484-4AC65E1B71E8}"
EndProject
Project("{2150E333-8FDC-42A3-9474-1A3956D46DE8}") = "Task4", "Task4", "{E78CB7C8-7919-4E5F-A299-40771C52C3BD}"
EndProject
Project("{2150E333-8FDC-42A3-9474-1A3956D46DE8}") = "Task5", "Task5", "{5AE26A17-0D83-4870-96AF-7FFF521B16C5}"
EndProject
Project("{2150E333-8FDC-42A3-9474-1A3956D46DE8}") = "Task6", "Task6", "{BF579CD5-4B86-4F1F-8944-703E6A64C9F4}"
EndProject
Project("{2150E333-8FDC-42A3-9474-1A3956D46DE8}") = "Task7", "Task7", "{ECC50D67-C66C-4309-8DDB-5D30A7A54337}"
EndProject
Project("{FAE04EC0-301F-11D3-BF4B-00C04F79EFBC}") = "Tyuiu.ShevchenokSE.Sprint1.Task3.V1", "Tyuiu.ShevchenokSE.Sprint1.Task3.V1\Tyuiu.ShevchenokSE.Sprint1.Task3.V1.csproj", "{EE953E89-F35F-4A80-B162-D33D88A87709}"
EndProject
Project("{FAE04EC0-301F-11D3-BF4B-00C04F79EFBC}") = "Tyuiu.ShevchenokSE.Sprint1.Task3.V1.Lib", "Tyuiu.ShevchenokSE.Sprint1.Task3.V1.Lib\Tyuiu.ShevchenokSE.Sprint1.Task3.V1.Lib.csproj", "{3ACEA103-81E6-4756-8BC6-0FC8F7DF4C08}"
EndProject
Project("{FAE04EC0-301F-11D3-BF4B-00C04F79EFBC}") = "Tyuiu.ShevchenokSE.Sprint1.Task3.V1.Test", "Tyuiu.ShevchenokSE.Sprint1.Task3.V1.Test\Tyuiu.ShevchenokSE.Sprint1.Task3.V1.Test.csproj", "{5352C11F-F07D-4BEA-8CF6-549A77467CAA}"
EndProject
Project("{FAE04EC0-301F-11D3-BF4B-00C04F79EFBC}") = "Tyuiu.ShevchenokSE.Sprint1.Task4.V30", "Tyuiu.ShevchenokSE.Sprint1.Task4.V30\Tyuiu.ShevchenokSE.Sprint1.Task4.V30.csproj", "{4625EB1F-DCC4-462A-940D-801133701688}"
EndProject
Project("{FAE04EC0-301F-11D3-BF4B-00C04F79EFBC}") = "Tyuiu.ShevchenokSE.Sprint1.Task4.V30.Lib", "Tyuiu.ShevchenokSE.Sprint1.Task4.V30.Lib\Tyuiu.ShevchenokSE.Sprint1.Task4.V30.Lib.csproj", "{9E80F791-28DE-425D-B421-E7832DD4F225}"
EndProject
Project("{FAE04EC0-301F-11D3-BF4B-00C04F79EFBC}") = "Tyuiu.ShevchenokSE.Sprint1.Task4.V30.Test", "Tyuiu.ShevchenokSE.Sprint1.Task4.V30.Test\Tyuiu.ShevchenokSE.Sprint1.Task4.V30.Test.csproj", "{8673B8DC-D201-4ADA-B6F9-8E6EEC997852}"
EndProject
Project("{FAE04EC0-301F-11D3-BF4B-00C04F79EFBC}") = "Tyuiu.ShevchenokSE.Sprint1.Task5.V1", "Tyuiu.ShevchenokSE.Sprint1.Task5.V1\Tyuiu.ShevchenokSE.Sprint1.Task5.V1.csproj", "{B52B0665-81D8-43C1-882A-C2DBCE90EE17}"
EndProject
Project("{FAE04EC0-301F-11D3-BF4B-00C04F79EFBC}") = "Tyuiu.ShevchenokSE.Sprint1.Task5.V1.Lib", "Tyuiu.ShevchenokSE.Sprint1.Task5.V1.Lib\Tyuiu.ShevchenokSE.Sprint1.Task5.V1.Lib.csproj", "{A6154961-8AC8-48EB-B4AF-4F36FDFE2507}"
EndProject
Project("{FAE04EC0-301F-11D3-BF4B-00C04F79EFBC}") = "Tyuiu.ShevchenokSE.Sprint1.Task5.V1.Test", "Tyuiu.ShevchenokSE.Sprint1.Task5.V1.Test\Tyuiu.ShevchenokSE.Sprint1.Task5.V1.Test.csproj", "{88CAEA3E-BFF4-4C36-AB5D-1929F354931A}"
EndProject
Global
	GlobalSection(SolutionConfigurationPlatforms) = preSolution
		Debug|Any CPU = Debug|Any CPU
		Release|Any CPU = Release|Any CPU
	EndGlobalSection
	GlobalSection(ProjectConfigurationPlatforms) = postSolution
		{658B82AF-A573-4942-AC17-3557B5CA62AD}.Debug|Any CPU.ActiveCfg = Debug|Any CPU
		{658B82AF-A573-4942-AC17-3557B5CA62AD}.Debug|Any CPU.Build.0 = Debug|Any CPU
		{658B82AF-A573-4942-AC17-3557B5CA62AD}.Release|Any CPU.ActiveCfg = Release|Any CPU
		{658B82AF-A573-4942-AC17-3557B5CA62AD}.Release|Any CPU.Build.0 = Release|Any CPU
		{DE3E5248-255B-4575-89C7-7BE953C1CCB7}.Debug|Any CPU.ActiveCfg = Debug|Any CPU
		{DE3E5248-255B-4575-89C7-7BE953C1CCB7}.Debug|Any CPU.Build.0 = Debug|Any CPU
		{DE3E5248-255B-4575-89C7-7BE953C1CCB7}.Release|Any CPU.ActiveCfg = Release|Any CPU
		{DE3E5248-255B-4575-89C7-7BE953C1CCB7}.Release|Any CPU.Build.0 = Release|Any CPU
		{751D7FE4-5930-481D-93A3-36DBF35D6983}.Debug|Any CPU.ActiveCfg = Debug|Any CPU
		{751D7FE4-5930-481D-93A3-36DBF35D6983}.Debug|Any CPU.Build.0 = Debug|Any CPU
		{751D7FE4-5930-481D-93A3-36DBF35D6983}.Release|Any CPU.ActiveCfg = Release|Any CPU
		{751D7FE4-5930-481D-93A3-36DBF35D6983}.Release|Any CPU.Build.0 = Release|Any CPU
		{88581677-9842-476F-8C65-153BB6317269}.Debug|Any CPU.ActiveCfg = Debug|Any CPU
		{88581677-9842-476F-8C65-153BB6317269}.Debug|Any CPU.Build.0 = Debug|Any CPU
		{88581677-9842-476F-8C65-153BB6317269}.Release|Any CPU.ActiveCfg = Release|Any CPU
		{88581677-9842-476F-8C65-153BB6317269}.Release|Any CPU.Build.0 = Release|Any CPU
		{3B9F848A-CB9A-451E-A83C-A66681AB6F33}.Debug|Any CPU.ActiveCfg = Debug|Any CPU
		{3B9F848A-CB9A-451E-A83C-A66681AB6F33}.Debug|Any CPU.Build.0 = Debug|Any CPU
		{3B9F848A-CB9A-451E-A83C-A66681AB6F33}.Release|Any CPU.ActiveCfg = Release|Any CPU
		{3B9F848A-CB9A-451E-A83C-A66681AB6F33}.Release|Any CPU.Build.0 = Release|Any CPU
		{3F67FDFE-1726-4F4D-9C08-8DB51B8F3DD7}.Debug|Any CPU.ActiveCfg = Debug|Any CPU
		{3F67FDFE-1726-4F4D-9C08-8DB51B8F3DD7}.Debug|Any CPU.Build.0 = Debug|Any CPU
		{3F67FDFE-1726-4F4D-9C08-8DB51B8F3DD7}.Release|Any CPU.ActiveCfg = Release|Any CPU
		{3F67FDFE-1726-4F4D-9C08-8DB51B8F3DD7}.Release|Any CPU.Build.0 = Release|Any CPU
		{FD0A28BD-0BF5-4E24-BE3B-273A0E79ADA3}.Debug|Any CPU.ActiveCfg = Debug|Any CPU
		{FD0A28BD-0BF5-4E24-BE3B-273A0E79ADA3}.Debug|Any CPU.Build.0 = Debug|Any CPU
		{FD0A28BD-0BF5-4E24-BE3B-273A0E79ADA3}.Release|Any CPU.ActiveCfg = Release|Any CPU
		{FD0A28BD-0BF5-4E24-BE3B-273A0E79ADA3}.Release|Any CPU.Build.0 = Release|Any CPU
		{B33C4F70-BD19-4596-AB9F-737276D9C474}.Debug|Any CPU.ActiveCfg = Debug|Any CPU
		{B33C4F70-BD19-4596-AB9F-737276D9C474}.Debug|Any CPU.Build.0 = Debug|Any CPU
		{B33C4F70-BD19-4596-AB9F-737276D9C474}.Release|Any CPU.ActiveCfg = Release|Any CPU
		{B33C4F70-BD19-4596-AB9F-737276D9C474}.Release|Any CPU.Build.0 = Release|Any CPU
		{864B366D-ECE8-4970-8084-80248FC28AFC}.Debug|Any CPU.ActiveCfg = Debug|Any CPU
		{864B366D-ECE8-4970-8084-80248FC28AFC}.Debug|Any CPU.Build.0 = Debug|Any CPU
		{864B366D-ECE8-4970-8084-80248FC28AFC}.Release|Any CPU.ActiveCfg = Release|Any CPU
		{864B366D-ECE8-4970-8084-80248FC28AFC}.Release|Any CPU.Build.0 = Release|Any CPU
		{EE953E89-F35F-4A80-B162-D33D88A87709}.Debug|Any CPU.ActiveCfg = Debug|Any CPU
		{EE953E89-F35F-4A80-B162-D33D88A87709}.Debug|Any CPU.Build.0 = Debug|Any CPU
		{EE953E89-F35F-4A80-B162-D33D88A87709}.Release|Any CPU.ActiveCfg = Release|Any CPU
		{EE953E89-F35F-4A80-B162-D33D88A87709}.Release|Any CPU.Build.0 = Release|Any CPU
		{3ACEA103-81E6-4756-8BC6-0FC8F7DF4C08}.Debug|Any CPU.ActiveCfg = Debug|Any CPU
		{3ACEA103-81E6-4756-8BC6-0FC8F7DF4C08}.Debug|Any CPU.Build.0 = Debug|Any CPU
		{3ACEA103-81E6-4756-8BC6-0FC8F7DF4C08}.Release|Any CPU.ActiveCfg = Release|Any CPU
		{3ACEA103-81E6-4756-8BC6-0FC8F7DF4C08}.Release|Any CPU.Build.0 = Release|Any CPU
		{5352C11F-F07D-4BEA-8CF6-549A77467CAA}.Debug|Any CPU.ActiveCfg = Debug|Any CPU
		{5352C11F-F07D-4BEA-8CF6-549A77467CAA}.Debug|Any CPU.Build.0 = Debug|Any CPU
		{5352C11F-F07D-4BEA-8CF6-549A77467CAA}.Release|Any CPU.ActiveCfg = Release|Any CPU
		{5352C11F-F07D-4BEA-8CF6-549A77467CAA}.Release|Any CPU.Build.0 = Release|Any CPU
		{4625EB1F-DCC4-462A-940D-801133701688}.Debug|Any CPU.ActiveCfg = Debug|Any CPU
		{4625EB1F-DCC4-462A-940D-801133701688}.Debug|Any CPU.Build.0 = Debug|Any CPU
		{4625EB1F-DCC4-462A-940D-801133701688}.Release|Any CPU.ActiveCfg = Release|Any CPU
		{4625EB1F-DCC4-462A-940D-801133701688}.Release|Any CPU.Build.0 = Release|Any CPU
		{9E80F791-28DE-425D-B421-E7832DD4F225}.Debug|Any CPU.ActiveCfg = Debug|Any CPU
		{9E80F791-28DE-425D-B421-E7832DD4F225}.Debug|Any CPU.Build.0 = Debug|Any CPU
		{9E80F791-28DE-425D-B421-E7832DD4F225}.Release|Any CPU.ActiveCfg = Release|Any CPU
		{9E80F791-28DE-425D-B421-E7832DD4F225}.Release|Any CPU.Build.0 = Release|Any CPU
		{8673B8DC-D201-4ADA-B6F9-8E6EEC997852}.Debug|Any CPU.ActiveCfg = Debug|Any CPU
		{8673B8DC-D201-4ADA-B6F9-8E6EEC997852}.Debug|Any CPU.Build.0 = Debug|Any CPU
		{8673B8DC-D201-4ADA-B6F9-8E6EEC997852}.Release|Any CPU.ActiveCfg = Release|Any CPU
		{8673B8DC-D201-4ADA-B6F9-8E6EEC997852}.Release|Any CPU.Build.0 = Release|Any CPU
		{B52B0665-81D8-43C1-882A-C2DBCE90EE17}.Debug|Any CPU.ActiveCfg = Debug|Any CPU
		{B52B0665-81D8-43C1-882A-C2DBCE90EE17}.Debug|Any CPU.Build.0 = Debug|Any CPU
		{B52B0665-81D8-43C1-882A-C2DBCE90EE17}.Release|Any CPU.ActiveCfg = Release|Any CPU
		{B52B0665-81D8-43C1-882A-C2DBCE90EE17}.Release|Any CPU.Build.0 = Release|Any CPU
		{A6154961-8AC8-48EB-B4AF-4F36FDFE2507}.Debug|Any CPU.ActiveCfg = Debug|Any CPU
		{A6154961-8AC8-48EB-B4AF-4F36FDFE2507}.Debug|Any CPU.Build.0 = Debug|Any CPU
		{A6154961-8AC8-48EB-B4AF-4F36FDFE2507}.Release|Any CPU.ActiveCfg = Release|Any CPU
		{A6154961-8AC8-48EB-B4AF-4F36FDFE2507}.Release|Any CPU.Build.0 = Release|Any CPU
		{88CAEA3E-BFF4-4C36-AB5D-1929F354931A}.Debug|Any CPU.ActiveCfg = Debug|Any CPU
		{88CAEA3E-BFF4-4C36-AB5D-1929F354931A}.Debug|Any CPU.Build.0 = Debug|Any CPU
		{88CAEA3E-BFF4-4C36-AB5D-1929F354931A}.Release|Any CPU.ActiveCfg = Release|Any CPU
		{88CAEA3E-BFF4-4C36-AB5D-1929F354931A}.Release|Any CPU.Build.0 = Release|Any CPU
	EndGlobalSection
	GlobalSection(SolutionProperties) = preSolution
		HideSolutionNode = FALSE
	EndGlobalSection
	GlobalSection(NestedProjects) = preSolution
		{658B82AF-A573-4942-AC17-3557B5CA62AD} = {CF1DBE8C-C393-4ADB-98F9-3500A637C4DC}
		{DE3E5248-255B-4575-89C7-7BE953C1CCB7} = {CF1DBE8C-C393-4ADB-98F9-3500A637C4DC}
		{751D7FE4-5930-481D-93A3-36DBF35D6983} = {AC4CE35E-9FED-4966-8DC2-279EDD646638}
		{88581677-9842-476F-8C65-153BB6317269} = {AC4CE35E-9FED-4966-8DC2-279EDD646638}
		{3B9F848A-CB9A-451E-A83C-A66681AB6F33} = {36D591C7-65C7-A0D1-1CBC-10CDE441BDC8}
		{3F67FDFE-1726-4F4D-9C08-8DB51B8F3DD7} = {36D591C7-65C7-A0D1-1CBC-10CDE441BDC8}
		{FD0A28BD-0BF5-4E24-BE3B-273A0E79ADA3} = {36D591C7-65C7-A0D1-1CBC-10CDE441BDC8}
		{B33C4F70-BD19-4596-AB9F-737276D9C474} = {CF1DBE8C-C393-4ADB-98F9-3500A637C4DC}
		{864B366D-ECE8-4970-8084-80248FC28AFC} = {AC4CE35E-9FED-4966-8DC2-279EDD646638}
		{EE953E89-F35F-4A80-B162-D33D88A87709} = {02EA681E-C7D8-13C7-8484-4AC65E1B71E8}
		{3ACEA103-81E6-4756-8BC6-0FC8F7DF4C08} = {02EA681E-C7D8-13C7-8484-4AC65E1B71E8}
		{5352C11F-F07D-4BEA-8CF6-549A77467CAA} = {02EA681E-C7D8-13C7-8484-4AC65E1B71E8}
		{4625EB1F-DCC4-462A-940D-801133701688} = {E78CB7C8-7919-4E5F-A299-40771C52C3BD}
		{9E80F791-28DE-425D-B421-E7832DD4F225} = {E78CB7C8-7919-4E5F-A299-40771C52C3BD}
		{8673B8DC-D201-4ADA-B6F9-8E6EEC997852} = {E78CB7C8-7919-4E5F-A299-40771C52C3BD}
		{B52B0665-81D8-43C1-882A-C2DBCE90EE17} = {5AE26A17-0D83-4870-96AF-7FFF521B16C5}
		{A6154961-8AC8-48EB-B4AF-4F36FDFE2507} = {5AE26A17-0D83-4870-96AF-7FFF521B16C5}
		{88CAEA3E-BFF4-4C36-AB5D-1929F354931A} = {5AE26A17-0D83-4870-96AF-7FFF521B16C5}
	EndGlobalSection
	GlobalSection(ExtensibilityGlobals) = postSolution
		SolutionGuid = {5206169B-01C9-4DE6-BC67-CB4CADCC74E7}
	EndGlobalSection
EndGlobal
